
Microsoft Visual Studio Solution File, Format Version 12.00
# Visual Studio Version 16
VisualStudioVersion = 16.0.31702.278
MinimumVisualStudioVersion = 10.0.40219.1
Project("{9A19103F-16F7-4668-BE54-9A1E7A4F7556}") = "CadastroUsuarios.Api", "CadastroUsuarios.Api\CadastroUsuarios.Api.csproj", "{4AA60F62-6F38-4E61-850E-42D3CFCCC808}"
EndProject
Project("{FAE04EC0-301F-11D3-BF4B-00C04F79EFBC}") = "CadastroUsuarios.Data", "CadastroUsuarios.Data\CadastroUsuarios.Data.csproj", "{3C812F26-C37A-44D4-8275-9F6D5677CD67}"
EndProject
Project("{FAE04EC0-301F-11D3-BF4B-00C04F79EFBC}") = "CadastroUsuarios.Domain", "CadastroUsuarios.Domain\CadastroUsuarios.Domain.csproj", "{3EDF1E96-F624-441A-9F47-40B667230FF0}"
EndProject
Project("{FAE04EC0-301F-11D3-BF4B-00C04F79EFBC}") = "CadastroUsuarios.Ioc", "CadastroUsuarios.Ioc\CadastroUsuarios.Ioc.csproj", "{267C4831-3EB7-409E-9192-598169F7DBD3}"
EndProject
Global
	GlobalSection(SolutionConfigurationPlatforms) = preSolution
		Debug|Any CPU = Debug|Any CPU
		Release|Any CPU = Release|Any CPU
	EndGlobalSection
	GlobalSection(ProjectConfigurationPlatforms) = postSolution
		{4AA60F62-6F38-4E61-850E-42D3CFCCC808}.Debug|Any CPU.ActiveCfg = Debug|Any CPU
		{4AA60F62-6F38-4E61-850E-42D3CFCCC808}.Debug|Any CPU.Build.0 = Debug|Any CPU
		{4AA60F62-6F38-4E61-850E-42D3CFCCC808}.Release|Any CPU.ActiveCfg = Release|Any CPU
		{4AA60F62-6F38-4E61-850E-42D3CFCCC808}.Release|Any CPU.Build.0 = Release|Any CPU
		{3C812F26-C37A-44D4-8275-9F6D5677CD67}.Debug|Any CPU.ActiveCfg = Debug|Any CPU
		{3C812F26-C37A-44D4-8275-9F6D5677CD67}.Debug|Any CPU.Build.0 = Debug|Any CPU
		{3C812F26-C37A-44D4-8275-9F6D5677CD67}.Release|Any CPU.ActiveCfg = Release|Any CPU
		{3C812F26-C37A-44D4-8275-9F6D5677CD67}.Release|Any CPU.Build.0 = Release|Any CPU
		{3EDF1E96-F624-441A-9F47-40B667230FF0}.Debug|Any CPU.ActiveCfg = Debug|Any CPU
		{3EDF1E96-F624-441A-9F47-40B667230FF0}.Debug|Any CPU.Build.0 = Debug|Any CPU
		{3EDF1E96-F624-441A-9F47-40B667230FF0}.Release|Any CPU.ActiveCfg = Release|Any CPU
		{3EDF1E96-F624-441A-9F47-40B667230FF0}.Release|Any CPU.Build.0 = Release|Any CPU
		{267C4831-3EB7-409E-9192-598169F7DBD3}.Debug|Any CPU.ActiveCfg = Debug|Any CPU
		{267C4831-3EB7-409E-9192-598169F7DBD3}.Debug|Any CPU.Build.0 = Debug|Any CPU
		{267C4831-3EB7-409E-9192-598169F7DBD3}.Release|Any CPU.ActiveCfg = Release|Any CPU
		{267C4831-3EB7-409E-9192-598169F7DBD3}.Release|Any CPU.Build.0 = Release|Any CPU
	EndGlobalSection
	GlobalSection(SolutionProperties) = preSolution
		HideSolutionNode = FALSE
	EndGlobalSection
	GlobalSection(ExtensibilityGlobals) = postSolution
		SolutionGuid = {03F7A8A0-84C9-4439-91E6-23BA6E0DAA2B}
	EndGlobalSection
EndGlobal
